// !$*UTF8*$!
{
	archiveVersion = 1;
	classes = {
	};
	objectVersion = 46;
	objects = {

/* Begin PBXBuildFile section */
		A696CE13151A8F7F00AD88CF /* DropPinAnnotation.m in Sources */ = {isa = PBXBuildFile; fileRef = A696CE12151A8F7F00AD88CF /* DropPinAnnotation.m */; };
		A696CE16151A9EB200AD88CF /* Icon.png in Resources */ = {isa = PBXBuildFile; fileRef = A696CE15151A9EB200AD88CF /* Icon.png */; };
		A696CE18151A9EB500AD88CF /* icon@2x.png in Resources */ = {isa = PBXBuildFile; fileRef = A696CE17151A9EB500AD88CF /* icon@2x.png */; };
		A6A3140A151FD86C00FE2C04 /* cycling.png in Resources */ = {isa = PBXBuildFile; fileRef = A6A31408151FD86C00FE2C04 /* cycling.png */; };
		A6A3140D151FD87700FE2C04 /* walk.png in Resources */ = {isa = PBXBuildFile; fileRef = A6A3140C151FD87700FE2C04 /* walk.png */; };
		A6A3140F151FD8F500FE2C04 /* car.png in Resources */ = {isa = PBXBuildFile; fileRef = A6A3140E151FD8F500FE2C04 /* car.png */; };
		A6A3244F151982ED00BA2E10 /* UIKit.framework in Frameworks */ = {isa = PBXBuildFile; fileRef = A6A3244E151982ED00BA2E10 /* UIKit.framework */; };
		A6A32451151982ED00BA2E10 /* Foundation.framework in Frameworks */ = {isa = PBXBuildFile; fileRef = A6A32450151982ED00BA2E10 /* Foundation.framework */; };
		A6A32453151982ED00BA2E10 /* CoreGraphics.framework in Frameworks */ = {isa = PBXBuildFile; fileRef = A6A32452151982ED00BA2E10 /* CoreGraphics.framework */; };
		A6A32455151982ED00BA2E10 /* CoreData.framework in Frameworks */ = {isa = PBXBuildFile; fileRef = A6A32454151982ED00BA2E10 /* CoreData.framework */; };
		A6A3245B151982ED00BA2E10 /* InfoPlist.strings in Resources */ = {isa = PBXBuildFile; fileRef = A6A32459151982ED00BA2E10 /* InfoPlist.strings */; };
		A6A3245D151982ED00BA2E10 /* main.m in Sources */ = {isa = PBXBuildFile; fileRef = A6A3245C151982ED00BA2E10 /* main.m */; };
		A6A32461151982ED00BA2E10 /* AppDelegate.m in Sources */ = {isa = PBXBuildFile; fileRef = A6A32460151982ED00BA2E10 /* AppDelegate.m */; };
		A6A32464151982ED00BA2E10 /* LocateMe.xcdatamodeld in Sources */ = {isa = PBXBuildFile; fileRef = A6A32462151982ED00BA2E10 /* LocateMe.xcdatamodeld */; };
		A6A3246D1519831F00BA2E10 /* CoreLocation.framework in Frameworks */ = {isa = PBXBuildFile; fileRef = A6A3246C1519831F00BA2E10 /* CoreLocation.framework */; };
		A6A324701519834500BA2E10 /* LocateMeController.m in Sources */ = {isa = PBXBuildFile; fileRef = A6A3246F1519834500BA2E10 /* LocateMeController.m */; };
		A6A32472151983AD00BA2E10 /* MapKit.framework in Frameworks */ = {isa = PBXBuildFile; fileRef = A6A32471151983AD00BA2E10 /* MapKit.framework */; };
		A6A324771519883C00BA2E10 /* MyCLController.m in Sources */ = {isa = PBXBuildFile; fileRef = A6A3246B1519830700BA2E10 /* MyCLController.m */; };
		A6A32486151996B300BA2E10 /* locateme.png in Resources */ = {isa = PBXBuildFile; fileRef = A6A32485151996B300BA2E10 /* locateme.png */; };
		A6C1B3CE151C1203009DB5F6 /* CFNetwork.framework in Frameworks */ = {isa = PBXBuildFile; fileRef = A6C1B3CD151C1203009DB5F6 /* CFNetwork.framework */; };
		A6C1B3D0151C121E009DB5F6 /* MobileCoreServices.framework in Frameworks */ = {isa = PBXBuildFile; fileRef = A6C1B3CF151C121E009DB5F6 /* MobileCoreServices.framework */; };
		A6C1B3D2151C1231009DB5F6 /* SystemConfiguration.framework in Frameworks */ = {isa = PBXBuildFile; fileRef = A6C1B3D1151C1231009DB5F6 /* SystemConfiguration.framework */; };
		A6C1B3D4151C124A009DB5F6 /* libz.1.1.3.dylib in Frameworks */ = {isa = PBXBuildFile; fileRef = A6C1B3D3151C124A009DB5F6 /* libz.1.1.3.dylib */; };
		A6C1B3D5151C125A009DB5F6 /* NSObject+SBJson.m in Sources */ = {isa = PBXBuildFile; fileRef = A6C1B385151C118A009DB5F6 /* NSObject+SBJson.m */; };
		A6C1B3D6151C1260009DB5F6 /* SBJsonParser.m in Sources */ = {isa = PBXBuildFile; fileRef = A6C1B388151C118A009DB5F6 /* SBJsonParser.m */; };
		A6C1B3D7151C1263009DB5F6 /* SBJsonStreamParser.m in Sources */ = {isa = PBXBuildFile; fileRef = A6C1B38A151C118A009DB5F6 /* SBJsonStreamParser.m */; };
		A6C1B3D8151C1267009DB5F6 /* SBJsonStreamParserAccumulator.m in Sources */ = {isa = PBXBuildFile; fileRef = A6C1B38C151C118A009DB5F6 /* SBJsonStreamParserAccumulator.m */; };
		A6C1B3D9151C126A009DB5F6 /* SBJsonStreamParserAdapter.m in Sources */ = {isa = PBXBuildFile; fileRef = A6C1B38E151C118A009DB5F6 /* SBJsonStreamParserAdapter.m */; };
		A6C1B3DA151C126D009DB5F6 /* SBJsonStreamParserState.m in Sources */ = {isa = PBXBuildFile; fileRef = A6C1B390151C118A009DB5F6 /* SBJsonStreamParserState.m */; };
		A6C1B3DB151C1271009DB5F6 /* SBJsonStreamWriter.m in Sources */ = {isa = PBXBuildFile; fileRef = A6C1B392151C118A009DB5F6 /* SBJsonStreamWriter.m */; };
		A6C1B3DC151C1273009DB5F6 /* SBJsonStreamWriterAccumulator.m in Sources */ = {isa = PBXBuildFile; fileRef = A6C1B394151C118A009DB5F6 /* SBJsonStreamWriterAccumulator.m */; };
		A6C1B3DD151C1277009DB5F6 /* SBJsonStreamWriterState.m in Sources */ = {isa = PBXBuildFile; fileRef = A6C1B396151C118A009DB5F6 /* SBJsonStreamWriterState.m */; };
		A6C1B3DE151C127A009DB5F6 /* SBJsonTokeniser.m in Sources */ = {isa = PBXBuildFile; fileRef = A6C1B398151C118A009DB5F6 /* SBJsonTokeniser.m */; };
		A6C1B3DF151C127E009DB5F6 /* SBJsonUTF8Stream.m in Sources */ = {isa = PBXBuildFile; fileRef = A6C1B39A151C118A009DB5F6 /* SBJsonUTF8Stream.m */; };
		A6C1B3E0151C1281009DB5F6 /* SBJsonWriter.m in Sources */ = {isa = PBXBuildFile; fileRef = A6C1B39C151C118A009DB5F6 /* SBJsonWriter.m */; };
		A6C1B3E1151C12A0009DB5F6 /* ASIS3Bucket.m in Sources */ = {isa = PBXBuildFile; fileRef = A6C1B3C2151C11D5009DB5F6 /* ASIS3Bucket.m */; };
		A6C1B3E2151C12A2009DB5F6 /* ASIS3BucketObject.m in Sources */ = {isa = PBXBuildFile; fileRef = A6C1B3C4151C11D5009DB5F6 /* ASIS3BucketObject.m */; };
		A6C1B3E3151C12A5009DB5F6 /* ASIS3BucketRequest.m in Sources */ = {isa = PBXBuildFile; fileRef = A6C1B3C6151C11D5009DB5F6 /* ASIS3BucketRequest.m */; };
		A6C1B3E4151C12A9009DB5F6 /* ASIS3ObjectRequest.m in Sources */ = {isa = PBXBuildFile; fileRef = A6C1B3C8151C11D5009DB5F6 /* ASIS3ObjectRequest.m */; };
		A6C1B3E5151C12AB009DB5F6 /* ASIS3Request.m in Sources */ = {isa = PBXBuildFile; fileRef = A6C1B3CA151C11D5009DB5F6 /* ASIS3Request.m */; };
		A6C1B3E6151C12AE009DB5F6 /* ASIS3ServiceRequest.m in Sources */ = {isa = PBXBuildFile; fileRef = A6C1B3CC151C11D5009DB5F6 /* ASIS3ServiceRequest.m */; };
		A6C1B3E7151C12B1009DB5F6 /* ASICloudFilesCDNRequest.m in Sources */ = {isa = PBXBuildFile; fileRef = A6C1B3B3151C11C8009DB5F6 /* ASICloudFilesCDNRequest.m */; };
		A6C1B3E8151C12B4009DB5F6 /* ASICloudFilesContainer.m in Sources */ = {isa = PBXBuildFile; fileRef = A6C1B3B5151C11C8009DB5F6 /* ASICloudFilesContainer.m */; };
		A6C1B3E9151C12B7009DB5F6 /* ASICloudFilesContainerRequest.m in Sources */ = {isa = PBXBuildFile; fileRef = A6C1B3B7151C11C8009DB5F6 /* ASICloudFilesContainerRequest.m */; };
		A6C1B3EA151C12BA009DB5F6 /* ASICloudFilesContainerXMLParserDelegate.m in Sources */ = {isa = PBXBuildFile; fileRef = A6C1B3B9151C11C8009DB5F6 /* ASICloudFilesContainerXMLParserDelegate.m */; };
		A6C1B3EB151C12BD009DB5F6 /* ASICloudFilesObject.m in Sources */ = {isa = PBXBuildFile; fileRef = A6C1B3BB151C11C8009DB5F6 /* ASICloudFilesObject.m */; };
		A6C1B3EC151C12C3009DB5F6 /* ASICloudFilesObjectRequest.m in Sources */ = {isa = PBXBuildFile; fileRef = A6C1B3BD151C11C8009DB5F6 /* ASICloudFilesObjectRequest.m */; };
		A6C1B3ED151C12C6009DB5F6 /* ASICloudFilesRequest.m in Sources */ = {isa = PBXBuildFile; fileRef = A6C1B3BF151C11C8009DB5F6 /* ASICloudFilesRequest.m */; };
		A6C1B3EE151C12C9009DB5F6 /* ASIAuthenticationDialog.m in Sources */ = {isa = PBXBuildFile; fileRef = A6C1B39F151C11B2009DB5F6 /* ASIAuthenticationDialog.m */; };
		A6C1B3EF151C12CC009DB5F6 /* ASIDataCompressor.m in Sources */ = {isa = PBXBuildFile; fileRef = A6C1B3A2151C11B2009DB5F6 /* ASIDataCompressor.m */; };
		A6C1B3F0151C12CE009DB5F6 /* ASIDataDecompressor.m in Sources */ = {isa = PBXBuildFile; fileRef = A6C1B3A4151C11B2009DB5F6 /* ASIDataDecompressor.m */; };
		A6C1B3F1151C12D1009DB5F6 /* ASIDownloadCache.m in Sources */ = {isa = PBXBuildFile; fileRef = A6C1B3A6151C11B2009DB5F6 /* ASIDownloadCache.m */; };
		A6C1B3F2151C12D4009DB5F6 /* ASIFormDataRequest.m in Sources */ = {isa = PBXBuildFile; fileRef = A6C1B3A8151C11B2009DB5F6 /* ASIFormDataRequest.m */; };
		A6C1B3F3151C12D7009DB5F6 /* ASIHTTPRequest.m in Sources */ = {isa = PBXBuildFile; fileRef = A6C1B3AA151C11B2009DB5F6 /* ASIHTTPRequest.m */; };
		A6C1B3F4151C12DC009DB5F6 /* ASIInputStream.m in Sources */ = {isa = PBXBuildFile; fileRef = A6C1B3AE151C11B2009DB5F6 /* ASIInputStream.m */; };
		A6C1B3F5151C12DE009DB5F6 /* ASINetworkQueue.m in Sources */ = {isa = PBXBuildFile; fileRef = A6C1B3B0151C11B2009DB5F6 /* ASINetworkQueue.m */; };
		A6C1B3F7151C134C009DB5F6 /* libz.1.2.5.dylib in Frameworks */ = {isa = PBXBuildFile; fileRef = A6C1B3F6151C134C009DB5F6 /* libz.1.2.5.dylib */; };
		A6C1B3FA151C145B009DB5F6 /* Reachability.m in Sources */ = {isa = PBXBuildFile; fileRef = A6C1B3F9151C1442009DB5F6 /* Reachability.m */; };
/* End PBXBuildFile section */

/* Begin PBXFileReference section */
		A696CE11151A8F7F00AD88CF /* DropPinAnnotation.h */ = {isa = PBXFileReference; fileEncoding = 4; lastKnownFileType = sourcecode.c.h; path = DropPinAnnotation.h; sourceTree = "<group>"; };
		A696CE12151A8F7F00AD88CF /* DropPinAnnotation.m */ = {isa = PBXFileReference; fileEncoding = 4; lastKnownFileType = sourcecode.c.objc; path = DropPinAnnotation.m; sourceTree = "<group>"; };
		A696CE15151A9EB200AD88CF /* Icon.png */ = {isa = PBXFileReference; lastKnownFileType = image.png; path = Icon.png; sourceTree = "<group>"; };
		A696CE17151A9EB500AD88CF /* icon@2x.png */ = {isa = PBXFileReference; lastKnownFileType = image.png; path = "icon@2x.png"; sourceTree = "<group>"; };
		A6A31408151FD86C00FE2C04 /* cycling.png */ = {isa = PBXFileReference; lastKnownFileType = image.png; path = cycling.png; sourceTree = "<group>"; };
		A6A3140C151FD87700FE2C04 /* walk.png */ = {isa = PBXFileReference; lastKnownFileType = image.png; name = walk.png; path = LocateMe/walk.png; sourceTree = "<group>"; };
		A6A3140E151FD8F500FE2C04 /* car.png */ = {isa = PBXFileReference; lastKnownFileType = image.png; path = car.png; sourceTree = "<group>"; };
		A6A3244A151982ED00BA2E10 /* LocateMe.app */ = {isa = PBXFileReference; explicitFileType = wrapper.application; includeInIndex = 0; path = LocateMe.app; sourceTree = BUILT_PRODUCTS_DIR; };
		A6A3244E151982ED00BA2E10 /* UIKit.framework */ = {isa = PBXFileReference; lastKnownFileType = wrapper.framework; name = UIKit.framework; path = System/Library/Frameworks/UIKit.framework; sourceTree = SDKROOT; };
		A6A32450151982ED00BA2E10 /* Foundation.framework */ = {isa = PBXFileReference; lastKnownFileType = wrapper.framework; name = Foundation.framework; path = System/Library/Frameworks/Foundation.framework; sourceTree = SDKROOT; };
		A6A32452151982ED00BA2E10 /* CoreGraphics.framework */ = {isa = PBXFileReference; lastKnownFileType = wrapper.framework; name = CoreGraphics.framework; path = System/Library/Frameworks/CoreGraphics.framework; sourceTree = SDKROOT; };
		A6A32454151982ED00BA2E10 /* CoreData.framework */ = {isa = PBXFileReference; lastKnownFileType = wrapper.framework; name = CoreData.framework; path = System/Library/Frameworks/CoreData.framework; sourceTree = SDKROOT; };
		A6A32458151982ED00BA2E10 /* LocateMe-Info.plist */ = {isa = PBXFileReference; lastKnownFileType = text.plist.xml; path = "LocateMe-Info.plist"; sourceTree = "<group>"; };
		A6A3245A151982ED00BA2E10 /* en */ = {isa = PBXFileReference; lastKnownFileType = text.plist.strings; name = en; path = en.lproj/InfoPlist.strings; sourceTree = "<group>"; };
		A6A3245C151982ED00BA2E10 /* main.m */ = {isa = PBXFileReference; lastKnownFileType = sourcecode.c.objc; path = main.m; sourceTree = "<group>"; };
		A6A3245E151982ED00BA2E10 /* LocateMe-Prefix.pch */ = {isa = PBXFileReference; lastKnownFileType = sourcecode.c.h; path = "LocateMe-Prefix.pch"; sourceTree = "<group>"; };
		A6A3245F151982ED00BA2E10 /* AppDelegate.h */ = {isa = PBXFileReference; lastKnownFileType = sourcecode.c.h; path = AppDelegate.h; sourceTree = "<group>"; };
		A6A32460151982ED00BA2E10 /* AppDelegate.m */ = {isa = PBXFileReference; lastKnownFileType = sourcecode.c.objc; path = AppDelegate.m; sourceTree = "<group>"; };
		A6A32463151982ED00BA2E10 /* LocateMe.xcdatamodel */ = {isa = PBXFileReference; lastKnownFileType = wrapper.xcdatamodel; path = LocateMe.xcdatamodel; sourceTree = "<group>"; };
		A6A3246A1519830700BA2E10 /* MyCLController.h */ = {isa = PBXFileReference; lastKnownFileType = sourcecode.c.h; path = MyCLController.h; sourceTree = "<group>"; };
		A6A3246B1519830700BA2E10 /* MyCLController.m */ = {isa = PBXFileReference; lastKnownFileType = sourcecode.c.objc; path = MyCLController.m; sourceTree = "<group>"; };
		A6A3246C1519831F00BA2E10 /* CoreLocation.framework */ = {isa = PBXFileReference; lastKnownFileType = wrapper.framework; name = CoreLocation.framework; path = System/Library/Frameworks/CoreLocation.framework; sourceTree = SDKROOT; };
		A6A3246E1519834500BA2E10 /* LocateMeController.h */ = {isa = PBXFileReference; fileEncoding = 4; lastKnownFileType = sourcecode.c.h; path = LocateMeController.h; sourceTree = "<group>"; };
		A6A3246F1519834500BA2E10 /* LocateMeController.m */ = {isa = PBXFileReference; fileEncoding = 4; lastKnownFileType = sourcecode.c.objc; path = LocateMeController.m; sourceTree = "<group>"; };
		A6A32471151983AD00BA2E10 /* MapKit.framework */ = {isa = PBXFileReference; lastKnownFileType = wrapper.framework; name = MapKit.framework; path = System/Library/Frameworks/MapKit.framework; sourceTree = SDKROOT; };
		A6A32485151996B300BA2E10 /* locateme.png */ = {isa = PBXFileReference; lastKnownFileType = image.png; path = locateme.png; sourceTree = "<group>"; };
		A6C1B383151C118A009DB5F6 /* JSON.h */ = {isa = PBXFileReference; lastKnownFileType = sourcecode.c.h; path = JSON.h; sourceTree = "<group>"; };
		A6C1B384151C118A009DB5F6 /* NSObject+SBJson.h */ = {isa = PBXFileReference; lastKnownFileType = sourcecode.c.h; path = "NSObject+SBJson.h"; sourceTree = "<group>"; };
		A6C1B385151C118A009DB5F6 /* NSObject+SBJson.m */ = {isa = PBXFileReference; lastKnownFileType = sourcecode.c.objc; path = "NSObject+SBJson.m"; sourceTree = "<group>"; };
		A6C1B386151C118A009DB5F6 /* SBJson.h */ = {isa = PBXFileReference; lastKnownFileType = sourcecode.c.h; path = SBJson.h; sourceTree = "<group>"; };
		A6C1B387151C118A009DB5F6 /* SBJsonParser.h */ = {isa = PBXFileReference; lastKnownFileType = sourcecode.c.h; path = SBJsonParser.h; sourceTree = "<group>"; };
		A6C1B388151C118A009DB5F6 /* SBJsonParser.m */ = {isa = PBXFileReference; lastKnownFileType = sourcecode.c.objc; path = SBJsonParser.m; sourceTree = "<group>"; };
		A6C1B389151C118A009DB5F6 /* SBJsonStreamParser.h */ = {isa = PBXFileReference; lastKnownFileType = sourcecode.c.h; path = SBJsonStreamParser.h; sourceTree = "<group>"; };
		A6C1B38A151C118A009DB5F6 /* SBJsonStreamParser.m */ = {isa = PBXFileReference; lastKnownFileType = sourcecode.c.objc; path = SBJsonStreamParser.m; sourceTree = "<group>"; };
		A6C1B38B151C118A009DB5F6 /* SBJsonStreamParserAccumulator.h */ = {isa = PBXFileReference; lastKnownFileType = sourcecode.c.h; path = SBJsonStreamParserAccumulator.h; sourceTree = "<group>"; };
		A6C1B38C151C118A009DB5F6 /* SBJsonStreamParserAccumulator.m */ = {isa = PBXFileReference; lastKnownFileType = sourcecode.c.objc; path = SBJsonStreamParserAccumulator.m; sourceTree = "<group>"; };
		A6C1B38D151C118A009DB5F6 /* SBJsonStreamParserAdapter.h */ = {isa = PBXFileReference; lastKnownFileType = sourcecode.c.h; path = SBJsonStreamParserAdapter.h; sourceTree = "<group>"; };
		A6C1B38E151C118A009DB5F6 /* SBJsonStreamParserAdapter.m */ = {isa = PBXFileReference; lastKnownFileType = sourcecode.c.objc; path = SBJsonStreamParserAdapter.m; sourceTree = "<group>"; };
		A6C1B38F151C118A009DB5F6 /* SBJsonStreamParserState.h */ = {isa = PBXFileReference; lastKnownFileType = sourcecode.c.h; path = SBJsonStreamParserState.h; sourceTree = "<group>"; };
		A6C1B390151C118A009DB5F6 /* SBJsonStreamParserState.m */ = {isa = PBXFileReference; lastKnownFileType = sourcecode.c.objc; path = SBJsonStreamParserState.m; sourceTree = "<group>"; };
		A6C1B391151C118A009DB5F6 /* SBJsonStreamWriter.h */ = {isa = PBXFileReference; lastKnownFileType = sourcecode.c.h; path = SBJsonStreamWriter.h; sourceTree = "<group>"; };
		A6C1B392151C118A009DB5F6 /* SBJsonStreamWriter.m */ = {isa = PBXFileReference; lastKnownFileType = sourcecode.c.objc; path = SBJsonStreamWriter.m; sourceTree = "<group>"; };
		A6C1B393151C118A009DB5F6 /* SBJsonStreamWriterAccumulator.h */ = {isa = PBXFileReference; lastKnownFileType = sourcecode.c.h; path = SBJsonStreamWriterAccumulator.h; sourceTree = "<group>"; };
		A6C1B394151C118A009DB5F6 /* SBJsonStreamWriterAccumulator.m */ = {isa = PBXFileReference; lastKnownFileType = sourcecode.c.objc; path = SBJsonStreamWriterAccumulator.m; sourceTree = "<group>"; };
		A6C1B395151C118A009DB5F6 /* SBJsonStreamWriterState.h */ = {isa = PBXFileReference; lastKnownFileType = sourcecode.c.h; path = SBJsonStreamWriterState.h; sourceTree = "<group>"; };
		A6C1B396151C118A009DB5F6 /* SBJsonStreamWriterState.m */ = {isa = PBXFileReference; lastKnownFileType = sourcecode.c.objc; path = SBJsonStreamWriterState.m; sourceTree = "<group>"; };
		A6C1B397151C118A009DB5F6 /* SBJsonTokeniser.h */ = {isa = PBXFileReference; lastKnownFileType = sourcecode.c.h; path = SBJsonTokeniser.h; sourceTree = "<group>"; };
		A6C1B398151C118A009DB5F6 /* SBJsonTokeniser.m */ = {isa = PBXFileReference; lastKnownFileType = sourcecode.c.objc; path = SBJsonTokeniser.m; sourceTree = "<group>"; };
		A6C1B399151C118A009DB5F6 /* SBJsonUTF8Stream.h */ = {isa = PBXFileReference; lastKnownFileType = sourcecode.c.h; path = SBJsonUTF8Stream.h; sourceTree = "<group>"; };
		A6C1B39A151C118A009DB5F6 /* SBJsonUTF8Stream.m */ = {isa = PBXFileReference; lastKnownFileType = sourcecode.c.objc; path = SBJsonUTF8Stream.m; sourceTree = "<group>"; };
		A6C1B39B151C118A009DB5F6 /* SBJsonWriter.h */ = {isa = PBXFileReference; lastKnownFileType = sourcecode.c.h; path = SBJsonWriter.h; sourceTree = "<group>"; };
		A6C1B39C151C118A009DB5F6 /* SBJsonWriter.m */ = {isa = PBXFileReference; lastKnownFileType = sourcecode.c.objc; path = SBJsonWriter.m; sourceTree = "<group>"; };
		A6C1B39E151C11B2009DB5F6 /* ASIAuthenticationDialog.h */ = {isa = PBXFileReference; lastKnownFileType = sourcecode.c.h; path = ASIAuthenticationDialog.h; sourceTree = "<group>"; };
		A6C1B39F151C11B2009DB5F6 /* ASIAuthenticationDialog.m */ = {isa = PBXFileReference; lastKnownFileType = sourcecode.c.objc; path = ASIAuthenticationDialog.m; sourceTree = "<group>"; };
		A6C1B3A0151C11B2009DB5F6 /* ASICacheDelegate.h */ = {isa = PBXFileReference; lastKnownFileType = sourcecode.c.h; path = ASICacheDelegate.h; sourceTree = "<group>"; };
		A6C1B3A1151C11B2009DB5F6 /* ASIDataCompressor.h */ = {isa = PBXFileReference; lastKnownFileType = sourcecode.c.h; path = ASIDataCompressor.h; sourceTree = "<group>"; };
		A6C1B3A2151C11B2009DB5F6 /* ASIDataCompressor.m */ = {isa = PBXFileReference; lastKnownFileType = sourcecode.c.objc; path = ASIDataCompressor.m; sourceTree = "<group>"; };
		A6C1B3A3151C11B2009DB5F6 /* ASIDataDecompressor.h */ = {isa = PBXFileReference; lastKnownFileType = sourcecode.c.h; path = ASIDataDecompressor.h; sourceTree = "<group>"; };
		A6C1B3A4151C11B2009DB5F6 /* ASIDataDecompressor.m */ = {isa = PBXFileReference; lastKnownFileType = sourcecode.c.objc; path = ASIDataDecompressor.m; sourceTree = "<group>"; };
		A6C1B3A5151C11B2009DB5F6 /* ASIDownloadCache.h */ = {isa = PBXFileReference; lastKnownFileType = sourcecode.c.h; path = ASIDownloadCache.h; sourceTree = "<group>"; };
		A6C1B3A6151C11B2009DB5F6 /* ASIDownloadCache.m */ = {isa = PBXFileReference; lastKnownFileType = sourcecode.c.objc; path = ASIDownloadCache.m; sourceTree = "<group>"; };
		A6C1B3A7151C11B2009DB5F6 /* ASIFormDataRequest.h */ = {isa = PBXFileReference; lastKnownFileType = sourcecode.c.h; path = ASIFormDataRequest.h; sourceTree = "<group>"; };
		A6C1B3A8151C11B2009DB5F6 /* ASIFormDataRequest.m */ = {isa = PBXFileReference; lastKnownFileType = sourcecode.c.objc; path = ASIFormDataRequest.m; sourceTree = "<group>"; };
		A6C1B3A9151C11B2009DB5F6 /* ASIHTTPRequest.h */ = {isa = PBXFileReference; lastKnownFileType = sourcecode.c.h; path = ASIHTTPRequest.h; sourceTree = "<group>"; };
		A6C1B3AA151C11B2009DB5F6 /* ASIHTTPRequest.m */ = {isa = PBXFileReference; lastKnownFileType = sourcecode.c.objc; path = ASIHTTPRequest.m; sourceTree = "<group>"; };
		A6C1B3AB151C11B2009DB5F6 /* ASIHTTPRequestConfig.h */ = {isa = PBXFileReference; lastKnownFileType = sourcecode.c.h; path = ASIHTTPRequestConfig.h; sourceTree = "<group>"; };
		A6C1B3AC151C11B2009DB5F6 /* ASIHTTPRequestDelegate.h */ = {isa = PBXFileReference; lastKnownFileType = sourcecode.c.h; path = ASIHTTPRequestDelegate.h; sourceTree = "<group>"; };
		A6C1B3AD151C11B2009DB5F6 /* ASIInputStream.h */ = {isa = PBXFileReference; lastKnownFileType = sourcecode.c.h; path = ASIInputStream.h; sourceTree = "<group>"; };
		A6C1B3AE151C11B2009DB5F6 /* ASIInputStream.m */ = {isa = PBXFileReference; lastKnownFileType = sourcecode.c.objc; path = ASIInputStream.m; sourceTree = "<group>"; };
		A6C1B3AF151C11B2009DB5F6 /* ASINetworkQueue.h */ = {isa = PBXFileReference; lastKnownFileType = sourcecode.c.h; path = ASINetworkQueue.h; sourceTree = "<group>"; };
		A6C1B3B0151C11B2009DB5F6 /* ASINetworkQueue.m */ = {isa = PBXFileReference; lastKnownFileType = sourcecode.c.objc; path = ASINetworkQueue.m; sourceTree = "<group>"; };
		A6C1B3B1151C11B2009DB5F6 /* ASIProgressDelegate.h */ = {isa = PBXFileReference; lastKnownFileType = sourcecode.c.h; path = ASIProgressDelegate.h; sourceTree = "<group>"; };
		A6C1B3B2151C11C8009DB5F6 /* ASICloudFilesCDNRequest.h */ = {isa = PBXFileReference; lastKnownFileType = sourcecode.c.h; path = ASICloudFilesCDNRequest.h; sourceTree = "<group>"; };
		A6C1B3B3151C11C8009DB5F6 /* ASICloudFilesCDNRequest.m */ = {isa = PBXFileReference; lastKnownFileType = sourcecode.c.objc; path = ASICloudFilesCDNRequest.m; sourceTree = "<group>"; };
		A6C1B3B4151C11C8009DB5F6 /* ASICloudFilesContainer.h */ = {isa = PBXFileReference; lastKnownFileType = sourcecode.c.h; path = ASICloudFilesContainer.h; sourceTree = "<group>"; };
		A6C1B3B5151C11C8009DB5F6 /* ASICloudFilesContainer.m */ = {isa = PBXFileReference; lastKnownFileType = sourcecode.c.objc; path = ASICloudFilesContainer.m; sourceTree = "<group>"; };
		A6C1B3B6151C11C8009DB5F6 /* ASICloudFilesContainerRequest.h */ = {isa = PBXFileReference; lastKnownFileType = sourcecode.c.h; path = ASICloudFilesContainerRequest.h; sourceTree = "<group>"; };
		A6C1B3B7151C11C8009DB5F6 /* ASICloudFilesContainerRequest.m */ = {isa = PBXFileReference; lastKnownFileType = sourcecode.c.objc; path = ASICloudFilesContainerRequest.m; sourceTree = "<group>"; };
		A6C1B3B8151C11C8009DB5F6 /* ASICloudFilesContainerXMLParserDelegate.h */ = {isa = PBXFileReference; lastKnownFileType = sourcecode.c.h; path = ASICloudFilesContainerXMLParserDelegate.h; sourceTree = "<group>"; };
		A6C1B3B9151C11C8009DB5F6 /* ASICloudFilesContainerXMLParserDelegate.m */ = {isa = PBXFileReference; lastKnownFileType = sourcecode.c.objc; path = ASICloudFilesContainerXMLParserDelegate.m; sourceTree = "<group>"; };
		A6C1B3BA151C11C8009DB5F6 /* ASICloudFilesObject.h */ = {isa = PBXFileReference; lastKnownFileType = sourcecode.c.h; path = ASICloudFilesObject.h; sourceTree = "<group>"; };
		A6C1B3BB151C11C8009DB5F6 /* ASICloudFilesObject.m */ = {isa = PBXFileReference; lastKnownFileType = sourcecode.c.objc; path = ASICloudFilesObject.m; sourceTree = "<group>"; };
		A6C1B3BC151C11C8009DB5F6 /* ASICloudFilesObjectRequest.h */ = {isa = PBXFileReference; lastKnownFileType = sourcecode.c.h; path = ASICloudFilesObjectRequest.h; sourceTree = "<group>"; };
		A6C1B3BD151C11C8009DB5F6 /* ASICloudFilesObjectRequest.m */ = {isa = PBXFileReference; lastKnownFileType = sourcecode.c.objc; path = ASICloudFilesObjectRequest.m; sourceTree = "<group>"; };
		A6C1B3BE151C11C8009DB5F6 /* ASICloudFilesRequest.h */ = {isa = PBXFileReference; lastKnownFileType = sourcecode.c.h; path = ASICloudFilesRequest.h; sourceTree = "<group>"; };
		A6C1B3BF151C11C8009DB5F6 /* ASICloudFilesRequest.m */ = {isa = PBXFileReference; lastKnownFileType = sourcecode.c.objc; path = ASICloudFilesRequest.m; sourceTree = "<group>"; };
		A6C1B3C0151C11D5009DB5F6 /* ASINSXMLParserCompat.h */ = {isa = PBXFileReference; lastKnownFileType = sourcecode.c.h; path = ASINSXMLParserCompat.h; sourceTree = "<group>"; };
		A6C1B3C1151C11D5009DB5F6 /* ASIS3Bucket.h */ = {isa = PBXFileReference; lastKnownFileType = sourcecode.c.h; path = ASIS3Bucket.h; sourceTree = "<group>"; };
		A6C1B3C2151C11D5009DB5F6 /* ASIS3Bucket.m */ = {isa = PBXFileReference; lastKnownFileType = sourcecode.c.objc; path = ASIS3Bucket.m; sourceTree = "<group>"; };
		A6C1B3C3151C11D5009DB5F6 /* ASIS3BucketObject.h */ = {isa = PBXFileReference; lastKnownFileType = sourcecode.c.h; path = ASIS3BucketObject.h; sourceTree = "<group>"; };
		A6C1B3C4151C11D5009DB5F6 /* ASIS3BucketObject.m */ = {isa = PBXFileReference; lastKnownFileType = sourcecode.c.objc; path = ASIS3BucketObject.m; sourceTree = "<group>"; };
		A6C1B3C5151C11D5009DB5F6 /* ASIS3BucketRequest.h */ = {isa = PBXFileReference; lastKnownFileType = sourcecode.c.h; path = ASIS3BucketRequest.h; sourceTree = "<group>"; };
		A6C1B3C6151C11D5009DB5F6 /* ASIS3BucketRequest.m */ = {isa = PBXFileReference; lastKnownFileType = sourcecode.c.objc; path = ASIS3BucketRequest.m; sourceTree = "<group>"; };
		A6C1B3C7151C11D5009DB5F6 /* ASIS3ObjectRequest.h */ = {isa = PBXFileReference; lastKnownFileType = sourcecode.c.h; path = ASIS3ObjectRequest.h; sourceTree = "<group>"; };
		A6C1B3C8151C11D5009DB5F6 /* ASIS3ObjectRequest.m */ = {isa = PBXFileReference; lastKnownFileType = sourcecode.c.objc; path = ASIS3ObjectRequest.m; sourceTree = "<group>"; };
		A6C1B3C9151C11D5009DB5F6 /* ASIS3Request.h */ = {isa = PBXFileReference; lastKnownFileType = sourcecode.c.h; path = ASIS3Request.h; sourceTree = "<group>"; };
		A6C1B3CA151C11D5009DB5F6 /* ASIS3Request.m */ = {isa = PBXFileReference; lastKnownFileType = sourcecode.c.objc; path = ASIS3Request.m; sourceTree = "<group>"; };
		A6C1B3CB151C11D5009DB5F6 /* ASIS3ServiceRequest.h */ = {isa = PBXFileReference; lastKnownFileType = sourcecode.c.h; path = ASIS3ServiceRequest.h; sourceTree = "<group>"; };
		A6C1B3CC151C11D5009DB5F6 /* ASIS3ServiceRequest.m */ = {isa = PBXFileReference; lastKnownFileType = sourcecode.c.objc; path = ASIS3ServiceRequest.m; sourceTree = "<group>"; };
		A6C1B3CD151C1203009DB5F6 /* CFNetwork.framework */ = {isa = PBXFileReference; lastKnownFileType = wrapper.framework; name = CFNetwork.framework; path = System/Library/Frameworks/CFNetwork.framework; sourceTree = SDKROOT; };
		A6C1B3CF151C121E009DB5F6 /* MobileCoreServices.framework */ = {isa = PBXFileReference; lastKnownFileType = wrapper.framework; name = MobileCoreServices.framework; path = System/Library/Frameworks/MobileCoreServices.framework; sourceTree = SDKROOT; };
		A6C1B3D1151C1231009DB5F6 /* SystemConfiguration.framework */ = {isa = PBXFileReference; lastKnownFileType = wrapper.framework; name = SystemConfiguration.framework; path = System/Library/Frameworks/SystemConfiguration.framework; sourceTree = SDKROOT; };
		A6C1B3D3151C124A009DB5F6 /* libz.1.1.3.dylib */ = {isa = PBXFileReference; lastKnownFileType = "compiled.mach-o.dylib"; name = libz.1.1.3.dylib; path = usr/lib/libz.1.1.3.dylib; sourceTree = SDKROOT; };
		A6C1B3F6151C134C009DB5F6 /* libz.1.2.5.dylib */ = {isa = PBXFileReference; lastKnownFileType = "compiled.mach-o.dylib"; name = libz.1.2.5.dylib; path = usr/lib/libz.1.2.5.dylib; sourceTree = SDKROOT; };
		A6C1B3F8151C1441009DB5F6 /* Reachability.h */ = {isa = PBXFileReference; lastKnownFileType = sourcecode.c.h; path = Reachability.h; sourceTree = "<group>"; };
		A6C1B3F9151C1442009DB5F6 /* Reachability.m */ = {isa = PBXFileReference; lastKnownFileType = sourcecode.c.objc; path = Reachability.m; sourceTree = "<group>"; };
/* End PBXFileReference section */

/* Begin PBXFrameworksBuildPhase section */
		A6A32447151982ED00BA2E10 /* Frameworks */ = {
			isa = PBXFrameworksBuildPhase;
			buildActionMask = 2147483647;
			files = (
				A6C1B3F7151C134C009DB5F6 /* libz.1.2.5.dylib in Frameworks */,
				A6C1B3D4151C124A009DB5F6 /* libz.1.1.3.dylib in Frameworks */,
				A6C1B3D2151C1231009DB5F6 /* SystemConfiguration.framework in Frameworks */,
				A6C1B3D0151C121E009DB5F6 /* MobileCoreServices.framework in Frameworks */,
				A6C1B3CE151C1203009DB5F6 /* CFNetwork.framework in Frameworks */,
				A6A32472151983AD00BA2E10 /* MapKit.framework in Frameworks */,
				A6A3246D1519831F00BA2E10 /* CoreLocation.framework in Frameworks */,
				A6A3244F151982ED00BA2E10 /* UIKit.framework in Frameworks */,
				A6A32451151982ED00BA2E10 /* Foundation.framework in Frameworks */,
				A6A32453151982ED00BA2E10 /* CoreGraphics.framework in Frameworks */,
				A6A32455151982ED00BA2E10 /* CoreData.framework in Frameworks */,
			);
			runOnlyForDeploymentPostprocessing = 0;
		};
/* End PBXFrameworksBuildPhase section */

/* Begin PBXGroup section */
		A6A3243F151982ED00BA2E10 = {
			isa = PBXGroup;
			children = (
				A6C1B39D151C1197009DB5F6 /* ASIHTTPRequest */,
				A6C1B381151C1124009DB5F6 /* SBJSON */,
				A6A32456151982ED00BA2E10 /* LocateMe */,
				A6A324841519961100BA2E10 /* Resources */,
				A6A3244D151982ED00BA2E10 /* Frameworks */,
				A6A3244B151982ED00BA2E10 /* Products */,
			);
			sourceTree = "<group>";
		};
		A6A3244B151982ED00BA2E10 /* Products */ = {
			isa = PBXGroup;
			children = (
				A6A3244A151982ED00BA2E10 /* LocateMe.app */,
			);
			name = Products;
			sourceTree = "<group>";
		};
		A6A3244D151982ED00BA2E10 /* Frameworks */ = {
			isa = PBXGroup;
			children = (
				A6C1B3F6151C134C009DB5F6 /* libz.1.2.5.dylib */,
				A6C1B3D3151C124A009DB5F6 /* libz.1.1.3.dylib */,
				A6C1B3D1151C1231009DB5F6 /* SystemConfiguration.framework */,
				A6C1B3CF151C121E009DB5F6 /* MobileCoreServices.framework */,
				A6C1B3CD151C1203009DB5F6 /* CFNetwork.framework */,
				A6A32471151983AD00BA2E10 /* MapKit.framework */,
				A6A3246C1519831F00BA2E10 /* CoreLocation.framework */,
				A6A3244E151982ED00BA2E10 /* UIKit.framework */,
				A6A32450151982ED00BA2E10 /* Foundation.framework */,
				A6A32452151982ED00BA2E10 /* CoreGraphics.framework */,
				A6A32454151982ED00BA2E10 /* CoreData.framework */,
			);
			name = Frameworks;
			sourceTree = "<group>";
		};
		A6A32456151982ED00BA2E10 /* LocateMe */ = {
			isa = PBXGroup;
			children = (
				A6A3246E1519834500BA2E10 /* LocateMeController.h */,
				A6A3246F1519834500BA2E10 /* LocateMeController.m */,
				A6A3246A1519830700BA2E10 /* MyCLController.h */,
				A6A3246B1519830700BA2E10 /* MyCLController.m */,
				A6A3245F151982ED00BA2E10 /* AppDelegate.h */,
				A6A32460151982ED00BA2E10 /* AppDelegate.m */,
				A696CE11151A8F7F00AD88CF /* DropPinAnnotation.h */,
				A696CE12151A8F7F00AD88CF /* DropPinAnnotation.m */,
				A6A32462151982ED00BA2E10 /* LocateMe.xcdatamodeld */,
				A6A32457151982ED00BA2E10 /* Supporting Files */,
			);
			path = LocateMe;
			sourceTree = "<group>";
		};
		A6A32457151982ED00BA2E10 /* Supporting Files */ = {
			isa = PBXGroup;
			children = (
				A6A32458151982ED00BA2E10 /* LocateMe-Info.plist */,
				A6A32459151982ED00BA2E10 /* InfoPlist.strings */,
				A6A3245C151982ED00BA2E10 /* main.m */,
				A6A3245E151982ED00BA2E10 /* LocateMe-Prefix.pch */,
			);
			name = "Supporting Files";
			sourceTree = "<group>";
		};
		A6A324841519961100BA2E10 /* Resources */ = {
			isa = PBXGroup;
			children = (
				A6A3140E151FD8F500FE2C04 /* car.png */,
				A6A3140C151FD87700FE2C04 /* walk.png */,
				A6A31408151FD86C00FE2C04 /* cycling.png */,
				A696CE17151A9EB500AD88CF /* icon@2x.png */,
				A696CE15151A9EB200AD88CF /* Icon.png */,
				A6A32485151996B300BA2E10 /* locateme.png */,
			);
			name = Resources;
			sourceTree = "<group>";
		};
		A6C1B381151C1124009DB5F6 /* SBJSON */ = {
			isa = PBXGroup;
			children = (
				A6C1B383151C118A009DB5F6 /* JSON.h */,
				A6C1B384151C118A009DB5F6 /* NSObject+SBJson.h */,
				A6C1B385151C118A009DB5F6 /* NSObject+SBJson.m */,
				A6C1B386151C118A009DB5F6 /* SBJson.h */,
				A6C1B387151C118A009DB5F6 /* SBJsonParser.h */,
				A6C1B388151C118A009DB5F6 /* SBJsonParser.m */,
				A6C1B389151C118A009DB5F6 /* SBJsonStreamParser.h */,
				A6C1B38A151C118A009DB5F6 /* SBJsonStreamParser.m */,
				A6C1B38B151C118A009DB5F6 /* SBJsonStreamParserAccumulator.h */,
				A6C1B38C151C118A009DB5F6 /* SBJsonStreamParserAccumulator.m */,
				A6C1B38D151C118A009DB5F6 /* SBJsonStreamParserAdapter.h */,
				A6C1B38E151C118A009DB5F6 /* SBJsonStreamParserAdapter.m */,
				A6C1B38F151C118A009DB5F6 /* SBJsonStreamParserState.h */,
				A6C1B390151C118A009DB5F6 /* SBJsonStreamParserState.m */,
				A6C1B391151C118A009DB5F6 /* SBJsonStreamWriter.h */,
				A6C1B392151C118A009DB5F6 /* SBJsonStreamWriter.m */,
				A6C1B393151C118A009DB5F6 /* SBJsonStreamWriterAccumulator.h */,
				A6C1B394151C118A009DB5F6 /* SBJsonStreamWriterAccumulator.m */,
				A6C1B395151C118A009DB5F6 /* SBJsonStreamWriterState.h */,
				A6C1B396151C118A009DB5F6 /* SBJsonStreamWriterState.m */,
				A6C1B397151C118A009DB5F6 /* SBJsonTokeniser.h */,
				A6C1B398151C118A009DB5F6 /* SBJsonTokeniser.m */,
				A6C1B399151C118A009DB5F6 /* SBJsonUTF8Stream.h */,
				A6C1B39A151C118A009DB5F6 /* SBJsonUTF8Stream.m */,
				A6C1B39B151C118A009DB5F6 /* SBJsonWriter.h */,
				A6C1B39C151C118A009DB5F6 /* SBJsonWriter.m */,
			);
			name = SBJSON;
			sourceTree = "<group>";
		};
		A6C1B39D151C1197009DB5F6 /* ASIHTTPRequest */ = {
			isa = PBXGroup;
			children = (
				A6C1B3C0151C11D5009DB5F6 /* ASINSXMLParserCompat.h */,
				A6C1B3C1151C11D5009DB5F6 /* ASIS3Bucket.h */,
				A6C1B3C2151C11D5009DB5F6 /* ASIS3Bucket.m */,
				A6C1B3C3151C11D5009DB5F6 /* ASIS3BucketObject.h */,
				A6C1B3C4151C11D5009DB5F6 /* ASIS3BucketObject.m */,
				A6C1B3C5151C11D5009DB5F6 /* ASIS3BucketRequest.h */,
				A6C1B3C6151C11D5009DB5F6 /* ASIS3BucketRequest.m */,
				A6C1B3C7151C11D5009DB5F6 /* ASIS3ObjectRequest.h */,
				A6C1B3C8151C11D5009DB5F6 /* ASIS3ObjectRequest.m */,
				A6C1B3C9151C11D5009DB5F6 /* ASIS3Request.h */,
				A6C1B3CA151C11D5009DB5F6 /* ASIS3Request.m */,
				A6C1B3CB151C11D5009DB5F6 /* ASIS3ServiceRequest.h */,
				A6C1B3CC151C11D5009DB5F6 /* ASIS3ServiceRequest.m */,
				A6C1B3B2151C11C8009DB5F6 /* ASICloudFilesCDNRequest.h */,
				A6C1B3B3151C11C8009DB5F6 /* ASICloudFilesCDNRequest.m */,
				A6C1B3B4151C11C8009DB5F6 /* ASICloudFilesContainer.h */,
				A6C1B3B5151C11C8009DB5F6 /* ASICloudFilesContainer.m */,
				A6C1B3F8151C1441009DB5F6 /* Reachability.h */,
				A6C1B3F9151C1442009DB5F6 /* Reachability.m */,
				A6C1B3B6151C11C8009DB5F6 /* ASICloudFilesContainerRequest.h */,
				A6C1B3B7151C11C8009DB5F6 /* ASICloudFilesContainerRequest.m */,
				A6C1B3B8151C11C8009DB5F6 /* ASICloudFilesContainerXMLParserDelegate.h */,
				A6C1B3B9151C11C8009DB5F6 /* ASICloudFilesContainerXMLParserDelegate.m */,
				A6C1B3BA151C11C8009DB5F6 /* ASICloudFilesObject.h */,
				A6C1B3BB151C11C8009DB5F6 /* ASICloudFilesObject.m */,
				A6C1B3BC151C11C8009DB5F6 /* ASICloudFilesObjectRequest.h */,
				A6C1B3BD151C11C8009DB5F6 /* ASICloudFilesObjectRequest.m */,
				A6C1B3BE151C11C8009DB5F6 /* ASICloudFilesRequest.h */,
				A6C1B3BF151C11C8009DB5F6 /* ASICloudFilesRequest.m */,
				A6C1B39E151C11B2009DB5F6 /* ASIAuthenticationDialog.h */,
				A6C1B39F151C11B2009DB5F6 /* ASIAuthenticationDialog.m */,
				A6C1B3A0151C11B2009DB5F6 /* ASICacheDelegate.h */,
				A6C1B3A1151C11B2009DB5F6 /* ASIDataCompressor.h */,
				A6C1B3A2151C11B2009DB5F6 /* ASIDataCompressor.m */,
				A6C1B3A3151C11B2009DB5F6 /* ASIDataDecompressor.h */,
				A6C1B3A4151C11B2009DB5F6 /* ASIDataDecompressor.m */,
				A6C1B3A5151C11B2009DB5F6 /* ASIDownloadCache.h */,
				A6C1B3A6151C11B2009DB5F6 /* ASIDownloadCache.m */,
				A6C1B3A7151C11B2009DB5F6 /* ASIFormDataRequest.h */,
				A6C1B3A8151C11B2009DB5F6 /* ASIFormDataRequest.m */,
				A6C1B3A9151C11B2009DB5F6 /* ASIHTTPRequest.h */,
				A6C1B3AA151C11B2009DB5F6 /* ASIHTTPRequest.m */,
				A6C1B3AB151C11B2009DB5F6 /* ASIHTTPRequestConfig.h */,
				A6C1B3AC151C11B2009DB5F6 /* ASIHTTPRequestDelegate.h */,
				A6C1B3AD151C11B2009DB5F6 /* ASIInputStream.h */,
				A6C1B3AE151C11B2009DB5F6 /* ASIInputStream.m */,
				A6C1B3AF151C11B2009DB5F6 /* ASINetworkQueue.h */,
				A6C1B3B0151C11B2009DB5F6 /* ASINetworkQueue.m */,
				A6C1B3B1151C11B2009DB5F6 /* ASIProgressDelegate.h */,
			);
			name = ASIHTTPRequest;
			sourceTree = "<group>";
		};
/* End PBXGroup section */

/* Begin PBXNativeTarget section */
		A6A32449151982ED00BA2E10 /* LocateMe */ = {
			isa = PBXNativeTarget;
			buildConfigurationList = A6A32467151982ED00BA2E10 /* Build configuration list for PBXNativeTarget "LocateMe" */;
			buildPhases = (
				A6A32446151982ED00BA2E10 /* Sources */,
				A6A32447151982ED00BA2E10 /* Frameworks */,
				A6A32448151982ED00BA2E10 /* Resources */,
			);
			buildRules = (
			);
			dependencies = (
			);
			name = LocateMe;
			productName = LocateMe;
			productReference = A6A3244A151982ED00BA2E10 /* LocateMe.app */;
			productType = "com.apple.product-type.application";
		};
/* End PBXNativeTarget section */

/* Begin PBXProject section */
		A6A32441151982ED00BA2E10 /* Project object */ = {
			isa = PBXProject;
			attributes = {
				LastUpgradeCheck = 0430;
			};
			buildConfigurationList = A6A32444151982ED00BA2E10 /* Build configuration list for PBXProject "LocateMe" */;
			compatibilityVersion = "Xcode 3.2";
			developmentRegion = English;
			hasScannedForEncodings = 0;
			knownRegions = (
				en,
			);
			mainGroup = A6A3243F151982ED00BA2E10;
			productRefGroup = A6A3244B151982ED00BA2E10 /* Products */;
			projectDirPath = "";
			projectRoot = "";
			targets = (
				A6A32449151982ED00BA2E10 /* LocateMe */,
			);
		};
/* End PBXProject section */

/* Begin PBXResourcesBuildPhase section */
		A6A32448151982ED00BA2E10 /* Resources */ = {
			isa = PBXResourcesBuildPhase;
			buildActionMask = 2147483647;
			files = (
				A6A3245B151982ED00BA2E10 /* InfoPlist.strings in Resources */,
				A6A32486151996B300BA2E10 /* locateme.png in Resources */,
				A696CE16151A9EB200AD88CF /* Icon.png in Resources */,
				A696CE18151A9EB500AD88CF /* icon@2x.png in Resources */,
				A6A3140A151FD86C00FE2C04 /* cycling.png in Resources */,
				A6A3140D151FD87700FE2C04 /* walk.png in Resources */,
				A6A3140F151FD8F500FE2C04 /* car.png in Resources */,
			);
			runOnlyForDeploymentPostprocessing = 0;
		};
/* End PBXResourcesBuildPhase section */

/* Begin PBXSourcesBuildPhase section */
		A6A32446151982ED00BA2E10 /* Sources */ = {
			isa = PBXSourcesBuildPhase;
			buildActionMask = 2147483647;
			files = (
				A6A3245D151982ED00BA2E10 /* main.m in Sources */,
				A6A32461151982ED00BA2E10 /* AppDelegate.m in Sources */,
				A6A32464151982ED00BA2E10 /* LocateMe.xcdatamodeld in Sources */,
				A6A324701519834500BA2E10 /* LocateMeController.m in Sources */,
				A6A324771519883C00BA2E10 /* MyCLController.m in Sources */,
				A696CE13151A8F7F00AD88CF /* DropPinAnnotation.m in Sources */,
				A6C1B3D5151C125A009DB5F6 /* NSObject+SBJson.m in Sources */,
				A6C1B3D6151C1260009DB5F6 /* SBJsonParser.m in Sources */,
				A6C1B3D7151C1263009DB5F6 /* SBJsonStreamParser.m in Sources */,
				A6C1B3D8151C1267009DB5F6 /* SBJsonStreamParserAccumulator.m in Sources */,
				A6C1B3D9151C126A009DB5F6 /* SBJsonStreamParserAdapter.m in Sources */,
				A6C1B3DA151C126D009DB5F6 /* SBJsonStreamParserState.m in Sources */,
				A6C1B3DB151C1271009DB5F6 /* SBJsonStreamWriter.m in Sources */,
				A6C1B3DC151C1273009DB5F6 /* SBJsonStreamWriterAccumulator.m in Sources */,
				A6C1B3DD151C1277009DB5F6 /* SBJsonStreamWriterState.m in Sources */,
				A6C1B3DE151C127A009DB5F6 /* SBJsonTokeniser.m in Sources */,
				A6C1B3DF151C127E009DB5F6 /* SBJsonUTF8Stream.m in Sources */,
				A6C1B3E0151C1281009DB5F6 /* SBJsonWriter.m in Sources */,
				A6C1B3E1151C12A0009DB5F6 /* ASIS3Bucket.m in Sources */,
				A6C1B3E2151C12A2009DB5F6 /* ASIS3BucketObject.m in Sources */,
				A6C1B3E3151C12A5009DB5F6 /* ASIS3BucketRequest.m in Sources */,
				A6C1B3E4151C12A9009DB5F6 /* ASIS3ObjectRequest.m in Sources */,
				A6C1B3E5151C12AB009DB5F6 /* ASIS3Request.m in Sources */,
				A6C1B3E6151C12AE009DB5F6 /* ASIS3ServiceRequest.m in Sources */,
				A6C1B3E7151C12B1009DB5F6 /* ASICloudFilesCDNRequest.m in Sources */,
				A6C1B3E8151C12B4009DB5F6 /* ASICloudFilesContainer.m in Sources */,
				A6C1B3E9151C12B7009DB5F6 /* ASICloudFilesContainerRequest.m in Sources */,
				A6C1B3EA151C12BA009DB5F6 /* ASICloudFilesContainerXMLParserDelegate.m in Sources */,
				A6C1B3EB151C12BD009DB5F6 /* ASICloudFilesObject.m in Sources */,
				A6C1B3EC151C12C3009DB5F6 /* ASICloudFilesObjectRequest.m in Sources */,
				A6C1B3ED151C12C6009DB5F6 /* ASICloudFilesRequest.m in Sources */,
				A6C1B3EE151C12C9009DB5F6 /* ASIAuthenticationDialog.m in Sources */,
				A6C1B3EF151C12CC009DB5F6 /* ASIDataCompressor.m in Sources */,
				A6C1B3F0151C12CE009DB5F6 /* ASIDataDecompressor.m in Sources */,
				A6C1B3F1151C12D1009DB5F6 /* ASIDownloadCache.m in Sources */,
				A6C1B3F2151C12D4009DB5F6 /* ASIFormDataRequest.m in Sources */,
				A6C1B3F3151C12D7009DB5F6 /* ASIHTTPRequest.m in Sources */,
				A6C1B3F4151C12DC009DB5F6 /* ASIInputStream.m in Sources */,
				A6C1B3F5151C12DE009DB5F6 /* ASINetworkQueue.m in Sources */,
				A6C1B3FA151C145B009DB5F6 /* Reachability.m in Sources */,
			);
			runOnlyForDeploymentPostprocessing = 0;
		};
/* End PBXSourcesBuildPhase section */

/* Begin PBXVariantGroup section */
		A6A32459151982ED00BA2E10 /* InfoPlist.strings */ = {
			isa = PBXVariantGroup;
			children = (
				A6A3245A151982ED00BA2E10 /* en */,
			);
			name = InfoPlist.strings;
			sourceTree = "<group>";
		};
/* End PBXVariantGroup section */

/* Begin XCBuildConfiguration section */
		A6A32465151982ED00BA2E10 /* Debug */ = {
			isa = XCBuildConfiguration;
			buildSettings = {
				ALWAYS_SEARCH_USER_PATHS = NO;
				ARCHS = "$(ARCHS_STANDARD_32_BIT)";
				CLANG_ENABLE_OBJC_ARC = YES;
				"CODE_SIGN_IDENTITY[sdk=iphoneos*]" = "iPhone Developer";
				COPY_PHASE_STRIP = NO;
				GCC_C_LANGUAGE_STANDARD = gnu99;
				GCC_DYNAMIC_NO_PIC = NO;
				GCC_OPTIMIZATION_LEVEL = 0;
				GCC_PREPROCESSOR_DEFINITIONS = (
					"DEBUG=1",
					"$(inherited)",
				);
				GCC_SYMBOLS_PRIVATE_EXTERN = NO;
				GCC_VERSION = com.apple.compilers.llvm.clang.1_0;
				GCC_WARN_ABOUT_RETURN_TYPE = YES;
				GCC_WARN_UNINITIALIZED_AUTOS = YES;
				GCC_WARN_UNUSED_VARIABLE = YES;
				IPHONEOS_DEPLOYMENT_TARGET = 5.1;
				SDKROOT = iphoneos;
			};
			name = Debug;
		};
		A6A32466151982ED00BA2E10 /* Release */ = {
			isa = XCBuildConfiguration;
			buildSettings = {
				ALWAYS_SEARCH_USER_PATHS = NO;
				ARCHS = "$(ARCHS_STANDARD_32_BIT)";
				CLANG_ENABLE_OBJC_ARC = YES;
				"CODE_SIGN_IDENTITY[sdk=iphoneos*]" = "iPhone Developer";
				COPY_PHASE_STRIP = YES;
				GCC_C_LANGUAGE_STANDARD = gnu99;
				GCC_VERSION = com.apple.compilers.llvm.clang.1_0;
				GCC_WARN_ABOUT_RETURN_TYPE = YES;
				GCC_WARN_UNINITIALIZED_AUTOS = YES;
				GCC_WARN_UNUSED_VARIABLE = YES;
				IPHONEOS_DEPLOYMENT_TARGET = 5.1;
				OTHER_CFLAGS = "-DNS_BLOCK_ASSERTIONS=1";
				SDKROOT = iphoneos;
				VALIDATE_PRODUCT = YES;
			};
			name = Release;
		};
		A6A32468151982ED00BA2E10 /* Debug */ = {
			isa = XCBuildConfiguration;
			buildSettings = {
				CLANG_ENABLE_OBJC_ARC = NO;
				GCC_PRECOMPILE_PREFIX_HEADER = YES;
				GCC_PREFIX_HEADER = "LocateMe/LocateMe-Prefix.pch";
				INFOPLIST_FILE = "LocateMe/LocateMe-Info.plist";
				IPHONEOS_DEPLOYMENT_TARGET = 5.1;
				PRODUCT_NAME = "$(TARGET_NAME)";
				TARGETED_DEVICE_FAMILY = 1;
				WRAPPER_EXTENSION = app;
			};
			name = Debug;
		};
		A6A32469151982ED00BA2E10 /* Release */ = {
			isa = XCBuildConfiguration;
			buildSettings = {
				CLANG_ENABLE_OBJC_ARC = NO;
				GCC_PRECOMPILE_PREFIX_HEADER = YES;
				GCC_PREFIX_HEADER = "LocateMe/LocateMe-Prefix.pch";
				INFOPLIST_FILE = "LocateMe/LocateMe-Info.plist";
				IPHONEOS_DEPLOYMENT_TARGET = 5.1;
				PRODUCT_NAME = "$(TARGET_NAME)";
				TARGETED_DEVICE_FAMILY = 1;
				WRAPPER_EXTENSION = app;
			};
			name = Release;
		};
/* End XCBuildConfiguration section */

/* Begin XCConfigurationList section */
		A6A32444151982ED00BA2E10 /* Build configuration list for PBXProject "LocateMe" */ = {
			isa = XCConfigurationList;
			buildConfigurations = (
				A6A32465151982ED00BA2E10 /* Debug */,
				A6A32466151982ED00BA2E10 /* Release */,
			);
			defaultConfigurationIsVisible = 0;
			defaultConfigurationName = Release;
		};
		A6A32467151982ED00BA2E10 /* Build configuration list for PBXNativeTarget "LocateMe" */ = {
			isa = XCConfigurationList;
			buildConfigurations = (
				A6A32468151982ED00BA2E10 /* Debug */,
				A6A32469151982ED00BA2E10 /* Release */,
			);
			defaultConfigurationIsVisible = 0;
			defaultConfigurationName = Release;
		};
/* End XCConfigurationList section */

/* Begin XCVersionGroup section */
		A6A32462151982ED00BA2E10 /* LocateMe.xcdatamodeld */ = {
			isa = XCVersionGroup;
			children = (
				A6A32463151982ED00BA2E10 /* LocateMe.xcdatamodel */,
			);
			currentVersion = A6A32463151982ED00BA2E10 /* LocateMe.xcdatamodel */;
			path = LocateMe.xcdatamodeld;
			sourceTree = "<group>";
			versionGroupType = wrapper.xcdatamodel;
		};
/* End XCVersionGroup section */
	};
	rootObject = A6A32441151982ED00BA2E10 /* Project object */;
}
